
Microsoft Visual Studio Solution File, Format Version 12.00
# Visual Studio Version 17
VisualStudioVersion = 17.5.33627.172
MinimumVisualStudioVersion = 10.0.40219.1
Project("{FAE04EC0-301F-11D3-BF4B-00C04F79EFBC}") = "WpfApp1", "WpfApp1\WpfApp1.csproj", "{71C2D447-E20A-4393-A669-B89CA8AE5221}"
EndProject
Project("{FAE04EC0-301F-11D3-BF4B-00C04F79EFBC}") = "ClassLibrary1", "ClassLibrary1\ClassLibrary1.csproj", "{47F7F0DA-5787-4958-9459-B195AA71156B}"
EndProject
Project("{FAE04EC0-301F-11D3-BF4B-00C04F79EFBC}") = "UnitTestProject1", "UnitTestProject1\UnitTestProject1.csproj", "{52142FAC-E47B-4BDE-A8B1-161822466381}"
EndProject
Global
	GlobalSection(SolutionConfigurationPlatforms) = preSolution
		Debug|Any CPU = Debug|Any CPU
		Release|Any CPU = Release|Any CPU
	EndGlobalSection
	GlobalSection(ProjectConfigurationPlatforms) = postSolution
		{71C2D447-E20A-4393-A669-B89CA8AE5221}.Debug|Any CPU.ActiveCfg = Debug|Any CPU
		{71C2D447-E20A-4393-A669-B89CA8AE5221}.Debug|Any CPU.Build.0 = Debug|Any CPU
		{71C2D447-E20A-4393-A669-B89CA8AE5221}.Release|Any CPU.ActiveCfg = Release|Any CPU
		{71C2D447-E20A-4393-A669-B89CA8AE5221}.Release|Any CPU.Build.0 = Release|Any CPU
		{47F7F0DA-5787-4958-9459-B195AA71156B}.Debug|Any CPU.ActiveCfg = Debug|Any CPU
		{47F7F0DA-5787-4958-9459-B195AA71156B}.Debug|Any CPU.Build.0 = Debug|Any CPU
		{47F7F0DA-5787-4958-9459-B195AA71156B}.Release|Any CPU.ActiveCfg = Release|Any CPU
		{47F7F0DA-5787-4958-9459-B195AA71156B}.Release|Any CPU.Build.0 = Release|Any CPU
		{52142FAC-E47B-4BDE-A8B1-161822466381}.Debug|Any CPU.ActiveCfg = Debug|Any CPU
		{52142FAC-E47B-4BDE-A8B1-161822466381}.Debug|Any CPU.Build.0 = Debug|Any CPU
		{52142FAC-E47B-4BDE-A8B1-161822466381}.Release|Any CPU.ActiveCfg = Release|Any CPU
		{52142FAC-E47B-4BDE-A8B1-161822466381}.Release|Any CPU.Build.0 = Release|Any CPU
	EndGlobalSection
	GlobalSection(SolutionProperties) = preSolution
		HideSolutionNode = FALSE
	EndGlobalSection
	GlobalSection(ExtensibilityGlobals) = postSolution
		SolutionGuid = {EC299592-94BA-4846-952A-39574D8ECBC5}
	EndGlobalSection
EndGlobal
